
Microsoft Visual Studio Solution File, Format Version 12.00
# Visual Studio 2013
VisualStudioVersion = 12.0.30723.0
MinimumVisualStudioVersion = 10.0.40219.1
Project("{8BC9CEB8-8B4A-11D0-8D11-00A0C91BC942}") = "Revsersi", "Revsersi\Revsersi.vcxproj", "{F06DE968-F48A-468C-B776-AC871CD15225}"
EndProject
Global
	GlobalSection(SolutionConfigurationPlatforms) = preSolution
		Debug|Win32 = Debug|Win32
		Release|Win32 = Release|Win32
	EndGlobalSection
	GlobalSection(ProjectConfigurationPlatforms) = postSolution
		{F06DE968-F48A-468C-B776-AC871CD15225}.Debug|Win32.ActiveCfg = Debug|Win32
		{F06DE968-F48A-468C-B776-AC871CD15225}.Debug|Win32.Build.0 = Debug|Win32
		{F06DE968-F48A-468C-B776-AC871CD15225}.Release|Win32.ActiveCfg = Release|Win32
		{F06DE968-F48A-468C-B776-AC871CD15225}.Release|Win32.Build.0 = Release|Win32
	EndGlobalSection
	GlobalSection(SolutionProperties) = preSolution
		HideSolutionNode = FALSE
	EndGlobalSection
EndGlobal
